
Microsoft Visual Studio Solution File, Format Version 12.00
# Visual Studio Version 16
VisualStudioVersion = 16.0.30503.244
MinimumVisualStudioVersion = 10.0.40219.1
Project("{FAE04EC0-301F-11D3-BF4B-00C04F79EFBC}") = "Task_1. Hierarchy", "Lab_Work_1\Task_1. Hierarchy.csproj", "{33DBE460-5263-4687-8774-E97E92F5AD8E}"
EndProject
Global
	GlobalSection(SolutionConfigurationPlatforms) = preSolution
		Debug|Any CPU = Debug|Any CPU
		Release|Any CPU = Release|Any CPU
	EndGlobalSection
	GlobalSection(ProjectConfigurationPlatforms) = postSolution
		{33DBE460-5263-4687-8774-E97E92F5AD8E}.Debug|Any CPU.ActiveCfg = Debug|Any CPU
		{33DBE460-5263-4687-8774-E97E92F5AD8E}.Debug|Any CPU.Build.0 = Debug|Any CPU
		{33DBE460-5263-4687-8774-E97E92F5AD8E}.Release|Any CPU.ActiveCfg = Release|Any CPU
		{33DBE460-5263-4687-8774-E97E92F5AD8E}.Release|Any CPU.Build.0 = Release|Any CPU
	EndGlobalSection
	GlobalSection(SolutionProperties) = preSolution
		HideSolutionNode = FALSE
	EndGlobalSection
	GlobalSection(ExtensibilityGlobals) = postSolution
		SolutionGuid = {C74A62D8-9D64-4975-B92F-D3A07D69583D}
	EndGlobalSection
EndGlobal
