
Microsoft Visual Studio Solution File, Format Version 12.00
# Visual Studio Version 16
VisualStudioVersion = 16.0.30503.244
MinimumVisualStudioVersion = 10.0.40219.1
Project("{FAE04EC0-301F-11D3-BF4B-00C04F79EFBC}") = "Task_2. Composition_Hierarchy", "Task_2. Composition_Hierarchy\Task_2. Composition_Hierarchy.csproj", "{2CA4B587-5E8A-4D0E-8EF2-5F7138AC83E4}"
EndProject
Global
	GlobalSection(SolutionConfigurationPlatforms) = preSolution
		Debug|Any CPU = Debug|Any CPU
		Release|Any CPU = Release|Any CPU
	EndGlobalSection
	GlobalSection(ProjectConfigurationPlatforms) = postSolution
		{2CA4B587-5E8A-4D0E-8EF2-5F7138AC83E4}.Debug|Any CPU.ActiveCfg = Debug|Any CPU
		{2CA4B587-5E8A-4D0E-8EF2-5F7138AC83E4}.Debug|Any CPU.Build.0 = Debug|Any CPU
		{2CA4B587-5E8A-4D0E-8EF2-5F7138AC83E4}.Release|Any CPU.ActiveCfg = Release|Any CPU
		{2CA4B587-5E8A-4D0E-8EF2-5F7138AC83E4}.Release|Any CPU.Build.0 = Release|Any CPU
	EndGlobalSection
	GlobalSection(SolutionProperties) = preSolution
		HideSolutionNode = FALSE
	EndGlobalSection
	GlobalSection(ExtensibilityGlobals) = postSolution
		SolutionGuid = {411DB0BD-1D08-47AB-B209-DBEA3B023FD8}
	EndGlobalSection
EndGlobal
